
Microsoft Visual Studio Solution File, Format Version 12.00
# Visual Studio 15
VisualStudioVersion = 15.0.28307.271
MinimumVisualStudioVersion = 10.0.40219.1
Project("{FAE04EC0-301F-11D3-BF4B-00C04F79EFBC}") = "MyBase.WEB", "MyBase.WEB\MyBase.WEB.csproj", "{DBC4B465-8CA3-41DF-9D97-06D1C5BBAA8E}"
EndProject
Project("{FAE04EC0-301F-11D3-BF4B-00C04F79EFBC}") = "MyBase.DAL", "MyBase.DAL\MyBase.DAL.csproj", "{F1C7BD8A-115F-4372-BE9C-E5EF01B6DBB5}"
EndProject
Project("{FAE04EC0-301F-11D3-BF4B-00C04F79EFBC}") = "MyBase.BLL", "MyBase.BLL\MyBase.BLL.csproj", "{B0A6902B-9E04-4109-A687-52F3266D2AB5}"
EndProject
Project("{FAE04EC0-301F-11D3-BF4B-00C04F79EFBC}") = "MyBase.BLL.Tests", "MyBase.BLL.Tests\MyBase.BLL.Tests.csproj", "{AB957D94-3E00-44A7-A1C9-4A33EBD01756}"
EndProject
Global
	GlobalSection(SolutionConfigurationPlatforms) = preSolution
		Debug|Any CPU = Debug|Any CPU
		Release|Any CPU = Release|Any CPU
	EndGlobalSection
	GlobalSection(ProjectConfigurationPlatforms) = postSolution
		{DBC4B465-8CA3-41DF-9D97-06D1C5BBAA8E}.Debug|Any CPU.ActiveCfg = Debug|Any CPU
		{DBC4B465-8CA3-41DF-9D97-06D1C5BBAA8E}.Debug|Any CPU.Build.0 = Debug|Any CPU
		{DBC4B465-8CA3-41DF-9D97-06D1C5BBAA8E}.Release|Any CPU.ActiveCfg = Release|Any CPU
		{DBC4B465-8CA3-41DF-9D97-06D1C5BBAA8E}.Release|Any CPU.Build.0 = Release|Any CPU
		{F1C7BD8A-115F-4372-BE9C-E5EF01B6DBB5}.Debug|Any CPU.ActiveCfg = Debug|Any CPU
		{F1C7BD8A-115F-4372-BE9C-E5EF01B6DBB5}.Debug|Any CPU.Build.0 = Debug|Any CPU
		{F1C7BD8A-115F-4372-BE9C-E5EF01B6DBB5}.Release|Any CPU.ActiveCfg = Release|Any CPU
		{F1C7BD8A-115F-4372-BE9C-E5EF01B6DBB5}.Release|Any CPU.Build.0 = Release|Any CPU
		{B0A6902B-9E04-4109-A687-52F3266D2AB5}.Debug|Any CPU.ActiveCfg = Debug|Any CPU
		{B0A6902B-9E04-4109-A687-52F3266D2AB5}.Debug|Any CPU.Build.0 = Debug|Any CPU
		{B0A6902B-9E04-4109-A687-52F3266D2AB5}.Release|Any CPU.ActiveCfg = Release|Any CPU
		{B0A6902B-9E04-4109-A687-52F3266D2AB5}.Release|Any CPU.Build.0 = Release|Any CPU
		{AB957D94-3E00-44A7-A1C9-4A33EBD01756}.Debug|Any CPU.ActiveCfg = Debug|Any CPU
		{AB957D94-3E00-44A7-A1C9-4A33EBD01756}.Debug|Any CPU.Build.0 = Debug|Any CPU
		{AB957D94-3E00-44A7-A1C9-4A33EBD01756}.Release|Any CPU.ActiveCfg = Release|Any CPU
		{AB957D94-3E00-44A7-A1C9-4A33EBD01756}.Release|Any CPU.Build.0 = Release|Any CPU
	EndGlobalSection
	GlobalSection(SolutionProperties) = preSolution
		HideSolutionNode = FALSE
	EndGlobalSection
	GlobalSection(ExtensibilityGlobals) = postSolution
		SolutionGuid = {FCB6E892-C2DC-4D86-8B6A-E580A50CBEB2}
	EndGlobalSection
EndGlobal
